
Microsoft Visual Studio Solution File, Format Version 12.00
# Visual Studio Version 17
VisualStudioVersion = 17.8.34316.72
MinimumVisualStudioVersion = 10.0.40219.1
Project("{2150E333-8FDC-42A3-9474-1A3956D46DE8}") = "BankTask", "BankTask", "{1BF2C2BA-1BF1-49B5-9399-A4B54BCBEB92}"
EndProject
Project("{9A19103F-16F7-4668-BE54-9A1E7A4F7556}") = "BankTask", "BankTask\BankTask.csproj", "{92711D15-59A7-4D65-8CD3-60A9216F26EA}"
EndProject
Project("{2150E333-8FDC-42A3-9474-1A3956D46DE8}") = "diskriminant", "diskriminant", "{5F78AB91-0434-46E5-8322-7D91AB56DBC0}"
EndProject
Project("{9A19103F-16F7-4668-BE54-9A1E7A4F7556}") = "task2", "task2\task2.csproj", "{D90898B7-1FC2-42C3-B46B-4A3CDE160EF7}"
EndProject
Project("{9A19103F-16F7-4668-BE54-9A1E7A4F7556}") = "task3", "task3\task3.csproj", "{68526EC7-1111-4AF6-9325-9971379AEE25}"
EndProject
Project("{9A19103F-16F7-4668-BE54-9A1E7A4F7556}") = "task3(2)", "task3(2)\task3(2).csproj", "{CC487BDC-E453-46C3-9886-4FDA2D3B7740}"
EndProject
Project("{9A19103F-16F7-4668-BE54-9A1E7A4F7556}") = "abramiyan", "abramiyan\abramiyan.csproj", "{3CB0F12A-B902-4D56-A2E0-293250E1C8A4}"
EndProject
Project("{9A19103F-16F7-4668-BE54-9A1E7A4F7556}") = "abramiyan2", "abramiyan2\abramiyan2.csproj", "{267BE3BB-D088-440D-92AD-DBFB88D5DF6A}"
EndProject
Project("{9A19103F-16F7-4668-BE54-9A1E7A4F7556}") = "abramiyan3", "abramiyan3\abramiyan3.csproj", "{522CFC98-CE89-4386-950D-E70D3A1AB7A5}"
EndProject
Project("{9A19103F-16F7-4668-BE54-9A1E7A4F7556}") = "3a", "3a\3a.csproj", "{42BA7993-35DE-4853-A9B2-D3BB86D4D91D}"
EndProject
Project("{9A19103F-16F7-4668-BE54-9A1E7A4F7556}") = "abramiyan4", "abramiyan4\abramiyan4.csproj", "{7F32BE06-539E-43D3-851F-DDFA0B6CFF70}"
EndProject
Project("{9A19103F-16F7-4668-BE54-9A1E7A4F7556}") = "task10", "task10\task10.csproj", "{67A5EB68-ABFE-4BC0-9FAF-D75E0A94E67A}"
EndProject
Project("{9A19103F-16F7-4668-BE54-9A1E7A4F7556}") = "task10c#", "task10c#\task10c#.csproj", "{C8591D07-BDE4-4B61-AAED-E3FC198D42A8}"
EndProject
Project("{9A19103F-16F7-4668-BE54-9A1E7A4F7556}") = "fibonachi", "fibonachi\fibonachi.csproj", "{18DAFC9A-1578-44FE-BCA0-208142A62F51}"
EndProject
Project("{9A19103F-16F7-4668-BE54-9A1E7A4F7556}") = "abramiyan33,34,35,36,37", "abramiyan33,34,35,36,37\abramiyan33,34,35,36,37.csproj", "{3142EF33-D90A-4374-9E5F-7FDCA0781EFD}"
EndProject
Project("{9A19103F-16F7-4668-BE54-9A1E7A4F7556}") = "int", "int\int.csproj", "{E89FED50-EFDB-4DEA-9752-F55428883063}"
EndProject
Project("{9A19103F-16F7-4668-BE54-9A1E7A4F7556}") = "int2", "int2\int2.csproj", "{EA81A48C-03D1-4DD6-8BE0-ADA2629B6BE2}"
EndProject
Project("{FAE04EC0-301F-11D3-BF4B-00C04F79EFBC}") = "int21_30", "int21_30\int21_30.csproj", "{9F1D71B2-F67E-4AFC-AA1A-D409F833996F}"
EndProject
Global
	GlobalSection(SolutionConfigurationPlatforms) = preSolution
		Debug|Any CPU = Debug|Any CPU
		Release|Any CPU = Release|Any CPU
	EndGlobalSection
	GlobalSection(ProjectConfigurationPlatforms) = postSolution
		{92711D15-59A7-4D65-8CD3-60A9216F26EA}.Debug|Any CPU.ActiveCfg = Debug|Any CPU
		{92711D15-59A7-4D65-8CD3-60A9216F26EA}.Debug|Any CPU.Build.0 = Debug|Any CPU
		{92711D15-59A7-4D65-8CD3-60A9216F26EA}.Release|Any CPU.ActiveCfg = Release|Any CPU
		{92711D15-59A7-4D65-8CD3-60A9216F26EA}.Release|Any CPU.Build.0 = Release|Any CPU
		{D90898B7-1FC2-42C3-B46B-4A3CDE160EF7}.Debug|Any CPU.ActiveCfg = Debug|Any CPU
		{D90898B7-1FC2-42C3-B46B-4A3CDE160EF7}.Debug|Any CPU.Build.0 = Debug|Any CPU
		{D90898B7-1FC2-42C3-B46B-4A3CDE160EF7}.Release|Any CPU.ActiveCfg = Release|Any CPU
		{D90898B7-1FC2-42C3-B46B-4A3CDE160EF7}.Release|Any CPU.Build.0 = Release|Any CPU
		{68526EC7-1111-4AF6-9325-9971379AEE25}.Debug|Any CPU.ActiveCfg = Debug|Any CPU
		{68526EC7-1111-4AF6-9325-9971379AEE25}.Debug|Any CPU.Build.0 = Debug|Any CPU
		{68526EC7-1111-4AF6-9325-9971379AEE25}.Release|Any CPU.ActiveCfg = Release|Any CPU
		{68526EC7-1111-4AF6-9325-9971379AEE25}.Release|Any CPU.Build.0 = Release|Any CPU
		{CC487BDC-E453-46C3-9886-4FDA2D3B7740}.Debug|Any CPU.ActiveCfg = Debug|Any CPU
		{CC487BDC-E453-46C3-9886-4FDA2D3B7740}.Debug|Any CPU.Build.0 = Debug|Any CPU
		{CC487BDC-E453-46C3-9886-4FDA2D3B7740}.Release|Any CPU.ActiveCfg = Release|Any CPU
		{CC487BDC-E453-46C3-9886-4FDA2D3B7740}.Release|Any CPU.Build.0 = Release|Any CPU
		{3CB0F12A-B902-4D56-A2E0-293250E1C8A4}.Debug|Any CPU.ActiveCfg = Debug|Any CPU
		{3CB0F12A-B902-4D56-A2E0-293250E1C8A4}.Debug|Any CPU.Build.0 = Debug|Any CPU
		{3CB0F12A-B902-4D56-A2E0-293250E1C8A4}.Release|Any CPU.ActiveCfg = Release|Any CPU
		{3CB0F12A-B902-4D56-A2E0-293250E1C8A4}.Release|Any CPU.Build.0 = Release|Any CPU
		{267BE3BB-D088-440D-92AD-DBFB88D5DF6A}.Debug|Any CPU.ActiveCfg = Debug|Any CPU
		{267BE3BB-D088-440D-92AD-DBFB88D5DF6A}.Debug|Any CPU.Build.0 = Debug|Any CPU
		{267BE3BB-D088-440D-92AD-DBFB88D5DF6A}.Release|Any CPU.ActiveCfg = Release|Any CPU
		{267BE3BB-D088-440D-92AD-DBFB88D5DF6A}.Release|Any CPU.Build.0 = Release|Any CPU
		{522CFC98-CE89-4386-950D-E70D3A1AB7A5}.Debug|Any CPU.ActiveCfg = Debug|Any CPU
		{522CFC98-CE89-4386-950D-E70D3A1AB7A5}.Debug|Any CPU.Build.0 = Debug|Any CPU
		{522CFC98-CE89-4386-950D-E70D3A1AB7A5}.Release|Any CPU.ActiveCfg = Release|Any CPU
		{522CFC98-CE89-4386-950D-E70D3A1AB7A5}.Release|Any CPU.Build.0 = Release|Any CPU
		{42BA7993-35DE-4853-A9B2-D3BB86D4D91D}.Debug|Any CPU.ActiveCfg = Debug|Any CPU
		{42BA7993-35DE-4853-A9B2-D3BB86D4D91D}.Debug|Any CPU.Build.0 = Debug|Any CPU
		{42BA7993-35DE-4853-A9B2-D3BB86D4D91D}.Release|Any CPU.ActiveCfg = Release|Any CPU
		{42BA7993-35DE-4853-A9B2-D3BB86D4D91D}.Release|Any CPU.Build.0 = Release|Any CPU
		{7F32BE06-539E-43D3-851F-DDFA0B6CFF70}.Debug|Any CPU.ActiveCfg = Debug|Any CPU
		{7F32BE06-539E-43D3-851F-DDFA0B6CFF70}.Debug|Any CPU.Build.0 = Debug|Any CPU
		{7F32BE06-539E-43D3-851F-DDFA0B6CFF70}.Release|Any CPU.ActiveCfg = Release|Any CPU
		{7F32BE06-539E-43D3-851F-DDFA0B6CFF70}.Release|Any CPU.Build.0 = Release|Any CPU
		{67A5EB68-ABFE-4BC0-9FAF-D75E0A94E67A}.Debug|Any CPU.ActiveCfg = Debug|Any CPU
		{67A5EB68-ABFE-4BC0-9FAF-D75E0A94E67A}.Debug|Any CPU.Build.0 = Debug|Any CPU
		{67A5EB68-ABFE-4BC0-9FAF-D75E0A94E67A}.Release|Any CPU.ActiveCfg = Release|Any CPU
		{67A5EB68-ABFE-4BC0-9FAF-D75E0A94E67A}.Release|Any CPU.Build.0 = Release|Any CPU
		{C8591D07-BDE4-4B61-AAED-E3FC198D42A8}.Debug|Any CPU.ActiveCfg = Debug|Any CPU
		{C8591D07-BDE4-4B61-AAED-E3FC198D42A8}.Debug|Any CPU.Build.0 = Debug|Any CPU
		{C8591D07-BDE4-4B61-AAED-E3FC198D42A8}.Release|Any CPU.ActiveCfg = Release|Any CPU
		{C8591D07-BDE4-4B61-AAED-E3FC198D42A8}.Release|Any CPU.Build.0 = Release|Any CPU
		{18DAFC9A-1578-44FE-BCA0-208142A62F51}.Debug|Any CPU.ActiveCfg = Debug|Any CPU
		{18DAFC9A-1578-44FE-BCA0-208142A62F51}.Debug|Any CPU.Build.0 = Debug|Any CPU
		{18DAFC9A-1578-44FE-BCA0-208142A62F51}.Release|Any CPU.ActiveCfg = Release|Any CPU
		{18DAFC9A-1578-44FE-BCA0-208142A62F51}.Release|Any CPU.Build.0 = Release|Any CPU
		{3142EF33-D90A-4374-9E5F-7FDCA0781EFD}.Debug|Any CPU.ActiveCfg = Debug|Any CPU
		{3142EF33-D90A-4374-9E5F-7FDCA0781EFD}.Debug|Any CPU.Build.0 = Debug|Any CPU
		{3142EF33-D90A-4374-9E5F-7FDCA0781EFD}.Release|Any CPU.ActiveCfg = Release|Any CPU
		{3142EF33-D90A-4374-9E5F-7FDCA0781EFD}.Release|Any CPU.Build.0 = Release|Any CPU
		{E89FED50-EFDB-4DEA-9752-F55428883063}.Debug|Any CPU.ActiveCfg = Debug|Any CPU
		{E89FED50-EFDB-4DEA-9752-F55428883063}.Debug|Any CPU.Build.0 = Debug|Any CPU
		{E89FED50-EFDB-4DEA-9752-F55428883063}.Release|Any CPU.ActiveCfg = Release|Any CPU
		{E89FED50-EFDB-4DEA-9752-F55428883063}.Release|Any CPU.Build.0 = Release|Any CPU
		{EA81A48C-03D1-4DD6-8BE0-ADA2629B6BE2}.Debug|Any CPU.ActiveCfg = Debug|Any CPU
		{EA81A48C-03D1-4DD6-8BE0-ADA2629B6BE2}.Debug|Any CPU.Build.0 = Debug|Any CPU
		{EA81A48C-03D1-4DD6-8BE0-ADA2629B6BE2}.Release|Any CPU.ActiveCfg = Release|Any CPU
		{EA81A48C-03D1-4DD6-8BE0-ADA2629B6BE2}.Release|Any CPU.Build.0 = Release|Any CPU
		{9F1D71B2-F67E-4AFC-AA1A-D409F833996F}.Debug|Any CPU.ActiveCfg = Debug|Any CPU
		{9F1D71B2-F67E-4AFC-AA1A-D409F833996F}.Debug|Any CPU.Build.0 = Debug|Any CPU
		{9F1D71B2-F67E-4AFC-AA1A-D409F833996F}.Release|Any CPU.ActiveCfg = Release|Any CPU
		{9F1D71B2-F67E-4AFC-AA1A-D409F833996F}.Release|Any CPU.Build.0 = Release|Any CPU
	EndGlobalSection
	GlobalSection(SolutionProperties) = preSolution
		HideSolutionNode = FALSE
	EndGlobalSection
	GlobalSection(NestedProjects) = preSolution
		{92711D15-59A7-4D65-8CD3-60A9216F26EA} = {1BF2C2BA-1BF1-49B5-9399-A4B54BCBEB92}
		{D90898B7-1FC2-42C3-B46B-4A3CDE160EF7} = {5F78AB91-0434-46E5-8322-7D91AB56DBC0}
	EndGlobalSection
	GlobalSection(ExtensibilityGlobals) = postSolution
		SolutionGuid = {B642F3D6-40B4-49CC-B901-0D3DEAE0D227}
	EndGlobalSection
EndGlobal
